
Microsoft Visual Studio Solution File, Format Version 12.00
# Visual Studio Version 16
VisualStudioVersion = 16.0.29209.62
MinimumVisualStudioVersion = 10.0.40219.1
Project("{FAE04EC0-301F-11D3-BF4B-00C04F79EFBC}") = "EU4GET-WF.ImageRendering", "EU4GET-WF.ImageRendering\EU4GET-WF.ImageRendering.csproj", "{EB2295E8-3505-4BB4-BA1E-58CA4D409326}"
EndProject
Project("{FAE04EC0-301F-11D3-BF4B-00C04F79EFBC}") = "EU4GET-WF.Logic", "EU4GET-WF.Logic\EU4GET-WF.Logic.csproj", "{74A2655A-382D-44D4-BD88-5DB417E6C9A3}"
EndProject
Project("{FAE04EC0-301F-11D3-BF4B-00C04F79EFBC}") = "EU4GET-WF.SerDes", "EU4GET-WF.SerDes\EU4GET-WF.SerDes.csproj", "{172B28B4-3049-4DD3-99FB-A61B8271C56F}"
EndProject
Project("{FAE04EC0-301F-11D3-BF4B-00C04F79EFBC}") = "EU4GET-WF", "EU4GET-WF\EU4GET-WF.csproj", "{C6F987BE-36F3-440A-AC05-DD540F1F00C1}"
EndProject
Global
	GlobalSection(SolutionConfigurationPlatforms) = preSolution
		Debug|Any CPU = Debug|Any CPU
		Release|Any CPU = Release|Any CPU
	EndGlobalSection
	GlobalSection(ProjectConfigurationPlatforms) = postSolution
		{EB2295E8-3505-4BB4-BA1E-58CA4D409326}.Debug|Any CPU.ActiveCfg = Debug|Any CPU
		{EB2295E8-3505-4BB4-BA1E-58CA4D409326}.Debug|Any CPU.Build.0 = Debug|Any CPU
		{EB2295E8-3505-4BB4-BA1E-58CA4D409326}.Release|Any CPU.ActiveCfg = Release|Any CPU
		{EB2295E8-3505-4BB4-BA1E-58CA4D409326}.Release|Any CPU.Build.0 = Release|Any CPU
		{74A2655A-382D-44D4-BD88-5DB417E6C9A3}.Debug|Any CPU.ActiveCfg = Debug|Any CPU
		{74A2655A-382D-44D4-BD88-5DB417E6C9A3}.Debug|Any CPU.Build.0 = Debug|Any CPU
		{74A2655A-382D-44D4-BD88-5DB417E6C9A3}.Release|Any CPU.ActiveCfg = Release|Any CPU
		{74A2655A-382D-44D4-BD88-5DB417E6C9A3}.Release|Any CPU.Build.0 = Release|Any CPU
		{172B28B4-3049-4DD3-99FB-A61B8271C56F}.Debug|Any CPU.ActiveCfg = Debug|Any CPU
		{172B28B4-3049-4DD3-99FB-A61B8271C56F}.Debug|Any CPU.Build.0 = Debug|Any CPU
		{172B28B4-3049-4DD3-99FB-A61B8271C56F}.Release|Any CPU.ActiveCfg = Release|Any CPU
		{172B28B4-3049-4DD3-99FB-A61B8271C56F}.Release|Any CPU.Build.0 = Release|Any CPU
		{C6F987BE-36F3-440A-AC05-DD540F1F00C1}.Debug|Any CPU.ActiveCfg = Debug|Any CPU
		{C6F987BE-36F3-440A-AC05-DD540F1F00C1}.Debug|Any CPU.Build.0 = Debug|Any CPU
		{C6F987BE-36F3-440A-AC05-DD540F1F00C1}.Release|Any CPU.ActiveCfg = Release|Any CPU
		{C6F987BE-36F3-440A-AC05-DD540F1F00C1}.Release|Any CPU.Build.0 = Release|Any CPU
	EndGlobalSection
	GlobalSection(SolutionProperties) = preSolution
		HideSolutionNode = FALSE
	EndGlobalSection
	GlobalSection(ExtensibilityGlobals) = postSolution
		SolutionGuid = {1AB232D5-92EE-4134-B7E0-E6B2D4D83258}
	EndGlobalSection
EndGlobal
